
Microsoft Visual Studio Solution File, Format Version 12.00
# Visual Studio Version 16
VisualStudioVersion = 16.0.30804.86
MinimumVisualStudioVersion = 10.0.40219.1
Project("{FAE04EC0-301F-11D3-BF4B-00C04F79EFBC}") = "BigSchool", "BigSchool\BigSchool.csproj", "{3BC36D5D-0F4E-445C-AF26-482393F18511}"
EndProject
Global
	GlobalSection(SolutionConfigurationPlatforms) = preSolution
		Debug|Any CPU = Debug|Any CPU
		Release|Any CPU = Release|Any CPU
	EndGlobalSection
	GlobalSection(ProjectConfigurationPlatforms) = postSolution
		{3BC36D5D-0F4E-445C-AF26-482393F18511}.Debug|Any CPU.ActiveCfg = Debug|Any CPU
		{3BC36D5D-0F4E-445C-AF26-482393F18511}.Debug|Any CPU.Build.0 = Debug|Any CPU
		{3BC36D5D-0F4E-445C-AF26-482393F18511}.Release|Any CPU.ActiveCfg = Release|Any CPU
		{3BC36D5D-0F4E-445C-AF26-482393F18511}.Release|Any CPU.Build.0 = Release|Any CPU
	EndGlobalSection
	GlobalSection(SolutionProperties) = preSolution
		HideSolutionNode = FALSE
	EndGlobalSection
	GlobalSection(ExtensibilityGlobals) = postSolution
		SolutionGuid = {847BB6DA-51DB-4C94-BFE0-DF58631BD8EA}
	EndGlobalSection
EndGlobal
